// !$*UTF8*$!
{
	archiveVersion = 1;
	classes = {
	};
	objectVersion = 77;
	objects = {

/* Begin PBXContainerItemProxy section */
		5BF1314D2E216A43007BEB51 /* PBXContainerItemProxy */ = {
			isa = PBXContainerItemProxy;
			containerPortal = 5BF131372E216A42007BEB51 /* Project object */;
			proxyType = 1;
			remoteGlobalIDString = 5BF1313E2E216A42007BEB51;
			remoteInfo = ExercisingSoloV2;
		};
		5BF131572E216A43007BEB51 /* PBXContainerItemProxy */ = {
			isa = PBXContainerItemProxy;
			containerPortal = 5BF131372E216A42007BEB51 /* Project object */;
			proxyType = 1;
			remoteGlobalIDString = 5BF1313E2E216A42007BEB51;
			remoteInfo = ExercisingSoloV2;
		};
/* End PBXContainerItemProxy section */

/* Begin PBXFileReference section */
		5BF1313F2E216A42007BEB51 /* ExercisingSoloV2.app */ = {isa = PBXFileReference; explicitFileType = wrapper.application; includeInIndex = 0; path = ExercisingSoloV2.app; sourceTree = BUILT_PRODUCTS_DIR; };
		5BF1314C2E216A43007BEB51 /* ExercisingSoloV2Tests.xctest */ = {isa = PBXFileReference; explicitFileType = wrapper.cfbundle; includeInIndex = 0; path = ExercisingSoloV2Tests.xctest; sourceTree = BUILT_PRODUCTS_DIR; };
		5BF131562E216A43007BEB51 /* ExercisingSoloV2UITests.xctest */ = {isa = PBXFileReference; explicitFileType = wrapper.cfbundle; includeInIndex = 0; path = ExercisingSoloV2UITests.xctest; sourceTree = BUILT_PRODUCTS_DIR; };
/* End PBXFileReference section */

/* Begin PBXFileSystemSynchronizedBuildFileExceptionSet section */
		DFAE72972E2AA5F100184E5E /* Exceptions for "ExercisingSoloV2" folder in "ExercisingSoloV2" target */ = {
			isa = PBXFileSystemSynchronizedBuildFileExceptionSet;
			membershipExceptions = (
				Info.plist,
			);
			target = 5BF1313E2E216A42007BEB51 /* ExercisingSoloV2 */;
		};
/* End PBXFileSystemSynchronizedBuildFileExceptionSet section */

/* Begin PBXFileSystemSynchronizedRootGroup section */
		5BF131412E216A42007BEB51 /* ExercisingSoloV2 */ = {
			isa = PBXFileSystemSynchronizedRootGroup;
			exceptions = (
				DFAE72972E2AA5F100184E5E /* Exceptions for "ExercisingSoloV2" folder in "ExercisingSoloV2" target */,
			);
			path = ExercisingSoloV2;
			sourceTree = "<group>";
		};
		5BF1314F2E216A43007BEB51 /* ExercisingSoloV2Tests */ = {
			isa = PBXFileSystemSynchronizedRootGroup;
			path = ExercisingSoloV2Tests;
			sourceTree = "<group>";
		};
		5BF131592E216A43007BEB51 /* ExercisingSoloV2UITests */ = {
			isa = PBXFileSystemSynchronizedRootGroup;
			path = ExercisingSoloV2UITests;
			sourceTree = "<group>";
		};
/* End PBXFileSystemSynchronizedRootGroup section */

/* Begin PBXFrameworksBuildPhase section */
		5BF1313C2E216A42007BEB51 /* Frameworks */ = {
			isa = PBXFrameworksBuildPhase;
			buildActionMask = 2147483647;
			files = (
			);
			runOnlyForDeploymentPostprocessing = 0;
		};
		5BF131492E216A43007BEB51 /* Frameworks */ = {
			isa = PBXFrameworksBuildPhase;
			buildActionMask = 2147483647;
			files = (
			);
			runOnlyForDeploymentPostprocessing = 0;
		};
		5BF131532E216A43007BEB51 /* Frameworks */ = {
			isa = PBXFrameworksBuildPhase;
			buildActionMask = 2147483647;
			files = (
			);
			runOnlyForDeploymentPostprocessing = 0;
		};
/* End PBXFrameworksBuildPhase section */

/* Begin PBXGroup section */
		5BF131362E216A42007BEB51 = {
			isa = PBXGroup;
			children = (
				5BF131412E216A42007BEB51 /* ExercisingSoloV2 */,
				5BF1314F2E216A43007BEB51 /* ExercisingSoloV2Tests */,
				5BF131592E216A43007BEB51 /* ExercisingSoloV2UITests */,
				5BF131402E216A42007BEB51 /* Products */,
			);
			sourceTree = "<group>";
		};
		5BF131402E216A42007BEB51 /* Products */ = {
			isa = PBXGroup;
			children = (
				5BF1313F2E216A42007BEB51 /* ExercisingSoloV2.app */,
				5BF1314C2E216A43007BEB51 /* ExercisingSoloV2Tests.xctest */,
				5BF131562E216A43007BEB51 /* ExercisingSoloV2UITests.xctest */,
			);
			name = Products;
			sourceTree = "<group>";
		};
/* End PBXGroup section */

/* Begin PBXNativeTarget section */
		5BF1313E2E216A42007BEB51 /* ExercisingSoloV2 */ = {
			isa = PBXNativeTarget;
			buildConfigurationList = 5BF131602E216A43007BEB51 /* Build configuration list for PBXNativeTarget "ExercisingSoloV2" */;
			buildPhases = (
				5BF1313B2E216A42007BEB51 /* Sources */,
				5BF1313C2E216A42007BEB51 /* Frameworks */,
				5BF1313D2E216A42007BEB51 /* Resources */,
			);
			buildRules = (
			);
			dependencies = (
			);
			fileSystemSynchronizedGroups = (
				5BF131412E216A42007BEB51 /* ExercisingSoloV2 */,
			);
			name = ExercisingSoloV2;
			packageProductDependencies = (
			);
			productName = ExercisingSoloV2;
			productReference = 5BF1313F2E216A42007BEB51 /* ExercisingSoloV2.app */;
			productType = "com.apple.product-type.application";
		};
		5BF1314B2E216A43007BEB51 /* ExercisingSoloV2Tests */ = {
			isa = PBXNativeTarget;
			buildConfigurationList = 5BF131632E216A43007BEB51 /* Build configuration list for PBXNativeTarget "ExercisingSoloV2Tests" */;
			buildPhases = (
				5BF131482E216A43007BEB51 /* Sources */,
				5BF131492E216A43007BEB51 /* Frameworks */,
				5BF1314A2E216A43007BEB51 /* Resources */,
			);
			buildRules = (
			);
			dependencies = (
				5BF1314E2E216A43007BEB51 /* PBXTargetDependency */,
			);
			fileSystemSynchronizedGroups = (
				5BF1314F2E216A43007BEB51 /* ExercisingSoloV2Tests */,
			);
			name = ExercisingSoloV2Tests;
			packageProductDependencies = (
			);
			productName = ExercisingSoloV2Tests;
			productReference = 5BF1314C2E216A43007BEB51 /* ExercisingSoloV2Tests.xctest */;
			productType = "com.apple.product-type.bundle.unit-test";
		};
		5BF131552E216A43007BEB51 /* ExercisingSoloV2UITests */ = {
			isa = PBXNativeTarget;
			buildConfigurationList = 5BF131662E216A43007BEB51 /* Build configuration list for PBXNativeTarget "ExercisingSoloV2UITests" */;
			buildPhases = (
				5BF131522E216A43007BEB51 /* Sources */,
				5BF131532E216A43007BEB51 /* Frameworks */,
				5BF131542E216A43007BEB51 /* Resources */,
			);
			buildRules = (
			);
			dependencies = (
				5BF131582E216A43007BEB51 /* PBXTargetDependency */,
			);
			fileSystemSynchronizedGroups = (
				5BF131592E216A43007BEB51 /* ExercisingSoloV2UITests */,
			);
			name = ExercisingSoloV2UITests;
			packageProductDependencies = (
			);
			productName = ExercisingSoloV2UITests;
			productReference = 5BF131562E216A43007BEB51 /* ExercisingSoloV2UITests.xctest */;
			productType = "com.apple.product-type.bundle.ui-testing";
		};
/* End PBXNativeTarget section */

/* Begin PBXProject section */
		5BF131372E216A42007BEB51 /* Project object */ = {
			isa = PBXProject;
			attributes = {
				BuildIndependentTargetsInParallel = 1;
				LastSwiftUpdateCheck = 1640;
				LastUpgradeCheck = 1640;
				TargetAttributes = {
					5BF1313E2E216A42007BEB51 = {
						CreatedOnToolsVersion = 16.4;
					};
					5BF1314B2E216A43007BEB51 = {
						CreatedOnToolsVersion = 16.4;
						TestTargetID = 5BF1313E2E216A42007BEB51;
					};
					5BF131552E216A43007BEB51 = {
						CreatedOnToolsVersion = 16.4;
						TestTargetID = 5BF1313E2E216A42007BEB51;
					};
				};
			};
			buildConfigurationList = 5BF1313A2E216A42007BEB51 /* Build configuration list for PBXProject "ExercisingSoloV2" */;
			developmentRegion = en;
			hasScannedForEncodings = 0;
			knownRegions = (
				en,
				Base,
			);
			mainGroup = 5BF131362E216A42007BEB51;
			minimizedProjectReferenceProxies = 1;
			preferredProjectObjectVersion = 77;
			productRefGroup = 5BF131402E216A42007BEB51 /* Products */;
			projectDirPath = "";
			projectRoot = "";
			targets = (
				5BF1313E2E216A42007BEB51 /* ExercisingSoloV2 */,
				5BF1314B2E216A43007BEB51 /* ExercisingSoloV2Tests */,
				5BF131552E216A43007BEB51 /* ExercisingSoloV2UITests */,
			);
		};
/* End PBXProject section */

/* Begin PBXResourcesBuildPhase section */
		5BF1313D2E216A42007BEB51 /* Resources */ = {
			isa = PBXResourcesBuildPhase;
			buildActionMask = 2147483647;
			files = (
			);
			runOnlyForDeploymentPostprocessing = 0;
		};
		5BF1314A2E216A43007BEB51 /* Resources */ = {
			isa = PBXResourcesBuildPhase;
			buildActionMask = 2147483647;
			files = (
			);
			runOnlyForDeploymentPostprocessing = 0;
		};
		5BF131542E216A43007BEB51 /* Resources */ = {
			isa = PBXResourcesBuildPhase;
			buildActionMask = 2147483647;
			files = (
			);
			runOnlyForDeploymentPostprocessing = 0;
		};
/* End PBXResourcesBuildPhase section */

/* Begin PBXSourcesBuildPhase section */
		5BF1313B2E216A42007BEB51 /* Sources */ = {
			isa = PBXSourcesBuildPhase;
			buildActionMask = 2147483647;
			files = (
			);
			runOnlyForDeploymentPostprocessing = 0;
		};
		5BF131482E216A43007BEB51 /* Sources */ = {
			isa = PBXSourcesBuildPhase;
			buildActionMask = 2147483647;
			files = (
			);
			runOnlyForDeploymentPostprocessing = 0;
		};
		5BF131522E216A43007BEB51 /* Sources */ = {
			isa = PBXSourcesBuildPhase;
			buildActionMask = 2147483647;
			files = (
			);
			runOnlyForDeploymentPostprocessing = 0;
		};
/* End PBXSourcesBuildPhase section */

/* Begin PBXTargetDependency section */
		5BF1314E2E216A43007BEB51 /* PBXTargetDependency */ = {
			isa = PBXTargetDependency;
			target = 5BF1313E2E216A42007BEB51 /* ExercisingSoloV2 */;
			targetProxy = 5BF1314D2E216A43007BEB51 /* PBXContainerItemProxy */;
		};
		5BF131582E216A43007BEB51 /* PBXTargetDependency */ = {
			isa = PBXTargetDependency;
			target = 5BF1313E2E216A42007BEB51 /* ExercisingSoloV2 */;
			targetProxy = 5BF131572E216A43007BEB51 /* PBXContainerItemProxy */;
		};
/* End PBXTargetDependency section */

/* Begin XCBuildConfiguration section */
		5BF1315E2E216A43007BEB51 /* Debug */ = {
			isa = XCBuildConfiguration;
			buildSettings = {
				ALWAYS_SEARCH_USER_PATHS = NO;
				ASSETCATALOG_COMPILER_GENERATE_SWIFT_ASSET_SYMBOL_EXTENSIONS = YES;
				CLANG_ANALYZER_NONNULL = YES;
				CLANG_ANALYZER_NUMBER_OBJECT_CONVERSION = YES_AGGRESSIVE;
				CLANG_CXX_LANGUAGE_STANDARD = "gnu++20";
				CLANG_ENABLE_MODULES = YES;
				CLANG_ENABLE_OBJC_ARC = YES;
				CLANG_ENABLE_OBJC_WEAK = YES;
				CLANG_WARN_BLOCK_CAPTURE_AUTORELEASING = YES;
				CLANG_WARN_BOOL_CONVERSION = YES;
				CLANG_WARN_COMMA = YES;
				CLANG_WARN_CONSTANT_CONVERSION = YES;
				CLANG_WARN_DEPRECATED_OBJC_IMPLEMENTATIONS = YES;
				CLANG_WARN_DIRECT_OBJC_ISA_USAGE = YES_ERROR;
				CLANG_WARN_DOCUMENTATION_COMMENTS = YES;
				CLANG_WARN_EMPTY_BODY = YES;
				CLANG_WARN_ENUM_CONVERSION = YES;
				CLANG_WARN_INFINITE_RECURSION = YES;
				CLANG_WARN_INT_CONVERSION = YES;
				CLANG_WARN_NON_LITERAL_NULL_CONVERSION = YES;
				CLANG_WARN_OBJC_IMPLICIT_RETAIN_SELF = YES;
				CLANG_WARN_OBJC_LITERAL_CONVERSION = YES;
				CLANG_WARN_OBJC_ROOT_CLASS = YES_ERROR;
				CLANG_WARN_QUOTED_INCLUDE_IN_FRAMEWORK_HEADER = YES;
				CLANG_WARN_RANGE_LOOP_ANALYSIS = YES;
				CLANG_WARN_STRICT_PROTOTYPES = YES;
				CLANG_WARN_SUSPICIOUS_MOVE = YES;
				CLANG_WARN_UNGUARDED_AVAILABILITY = YES_AGGRESSIVE;
				CLANG_WARN_UNREACHABLE_CODE = YES;
				CLANG_WARN__DUPLICATE_METHOD_MATCH = YES;
				COPY_PHASE_STRIP = NO;
				DEBUG_INFORMATION_FORMAT = dwarf;
				ENABLE_STRICT_OBJC_MSGSEND = YES;
				ENABLE_TESTABILITY = YES;
				ENABLE_USER_SCRIPT_SANDBOXING = YES;
				GCC_C_LANGUAGE_STANDARD = gnu17;
				GCC_DYNAMIC_NO_PIC = NO;
				GCC_NO_COMMON_BLOCKS = YES;
				GCC_OPTIMIZATION_LEVEL = 0;
				GCC_PREPROCESSOR_DEFINITIONS = (
					"DEBUG=1",
					"$(inherited)",
				);
				GCC_WARN_64_TO_32_BIT_CONVERSION = YES;
				GCC_WARN_ABOUT_RETURN_TYPE = YES_ERROR;
				GCC_WARN_UNDECLARED_SELECTOR = YES;
				GCC_WARN_UNINITIALIZED_AUTOS = YES_AGGRESSIVE;
				GCC_WARN_UNUSED_FUNCTION = YES;
				GCC_WARN_UNUSED_VARIABLE = YES;
				IPHONEOS_DEPLOYMENT_TARGET = 18.5;
				LOCALIZATION_PREFERS_STRING_CATALOGS = YES;
				MTL_ENABLE_DEBUG_INFO = INCLUDE_SOURCE;
				MTL_FAST_MATH = YES;
				ONLY_ACTIVE_ARCH = YES;
				SDKROOT = iphoneos;
				SWIFT_ACTIVE_COMPILATION_CONDITIONS = "DEBUG $(inherited)";
				SWIFT_OPTIMIZATION_LEVEL = "-Onone";
			};
			name = Debug;
		};
		5BF1315F2E216A43007BEB51 /* Release */ = {
			isa = XCBuildConfiguration;
			buildSettings = {
				ALWAYS_SEARCH_USER_PATHS = NO;
				ASSETCATALOG_COMPILER_GENERATE_SWIFT_ASSET_SYMBOL_EXTENSIONS = YES;
				CLANG_ANALYZER_NONNULL = YES;
				CLANG_ANALYZER_NUMBER_OBJECT_CONVERSION = YES_AGGRESSIVE;
				CLANG_CXX_LANGUAGE_STANDARD = "gnu++20";
				CLANG_ENABLE_MODULES = YES;
				CLANG_ENABLE_OBJC_ARC = YES;
				CLANG_ENABLE_OBJC_WEAK = YES;
				CLANG_WARN_BLOCK_CAPTURE_AUTORELEASING = YES;
				CLANG_WARN_BOOL_CONVERSION = YES;
				CLANG_WARN_COMMA = YES;
				CLANG_WARN_CONSTANT_CONVERSION = YES;
				CLANG_WARN_DEPRECATED_OBJC_IMPLEMENTATIONS = YES;
				CLANG_WARN_DIRECT_OBJC_ISA_USAGE = YES_ERROR;
				CLANG_WARN_DOCUMENTATION_COMMENTS = YES;
				CLANG_WARN_EMPTY_BODY = YES;
				CLANG_WARN_ENUM_CONVERSION = YES;
				CLANG_WARN_INFINITE_RECURSION = YES;
				CLANG_WARN_INT_CONVERSION = YES;
				CLANG_WARN_NON_LITERAL_NULL_CONVERSION = YES;
				CLANG_WARN_OBJC_IMPLICIT_RETAIN_SELF = YES;
				CLANG_WARN_OBJC_LITERAL_CONVERSION = YES;
				CLANG_WARN_OBJC_ROOT_CLASS = YES_ERROR;
				CLANG_WARN_QUOTED_INCLUDE_IN_FRAMEWORK_HEADER = YES;
				CLANG_WARN_RANGE_LOOP_ANALYSIS = YES;
				CLANG_WARN_STRICT_PROTOTYPES = YES;
				CLANG_WARN_SUSPICIOUS_MOVE = YES;
				CLANG_WARN_UNGUARDED_AVAILABILITY = YES_AGGRESSIVE;
				CLANG_WARN_UNREACHABLE_CODE = YES;
				CLANG_WARN__DUPLICATE_METHOD_MATCH = YES;
				COPY_PHASE_STRIP = NO;
				DEBUG_INFORMATION_FORMAT = "dwarf-with-dsym";
				ENABLE_NS_ASSERTIONS = NO;
				ENABLE_STRICT_OBJC_MSGSEND = YES;
				ENABLE_USER_SCRIPT_SANDBOXING = YES;
				GCC_C_LANGUAGE_STANDARD = gnu17;
				GCC_NO_COMMON_BLOCKS = YES;
				GCC_WARN_64_TO_32_BIT_CONVERSION = YES;
				GCC_WARN_ABOUT_RETURN_TYPE = YES_ERROR;
				GCC_WARN_UNDECLARED_SELECTOR = YES;
				GCC_WARN_UNINITIALIZED_AUTOS = YES_AGGRESSIVE;
				GCC_WARN_UNUSED_FUNCTION = YES;
				GCC_WARN_UNUSED_VARIABLE = YES;
				IPHONEOS_DEPLOYMENT_TARGET = 18.5;
				LOCALIZATION_PREFERS_STRING_CATALOGS = YES;
				MTL_ENABLE_DEBUG_INFO = NO;
				MTL_FAST_MATH = YES;
				SDKROOT = iphoneos;
				SWIFT_COMPILATION_MODE = wholemodule;
				VALIDATE_PRODUCT = YES;
			};
			name = Release;
		};
		5BF131612E216A43007BEB51 /* Debug */ = {
			isa = XCBuildConfiguration;
			buildSettings = {
				ASSETCATALOG_COMPILER_APPICON_NAME = AppIcon;
				ASSETCATALOG_COMPILER_GLOBAL_ACCENT_COLOR_NAME = AccentColor;
				CODE_SIGN_STYLE = Automatic;
				CURRENT_PROJECT_VERSION = 1;
				DEVELOPMENT_TEAM = P3539P88BM;
				ENABLE_PREVIEWS = YES;
				GENERATE_INFOPLIST_FILE = YES;
				INFOPLIST_FILE = ExercisingSoloV2/Info.plist;
				INFOPLIST_KEY_CFBundleDisplayName = "";
				INFOPLIST_KEY_LSApplicationCategoryType = "";
				INFOPLIST_KEY_NSCameraUsageDescription = "";
				INFOPLIST_KEY_UIApplicationSceneManifest_Generation = YES;
				INFOPLIST_KEY_UIApplicationSupportsIndirectInputEvents = YES;
				INFOPLIST_KEY_UISupportedInterfaceOrientations_iPad = "UIInterfaceOrientationPortrait UIInterfaceOrientationPortraitUpsideDown UIInterfaceOrientationLandscapeLeft UIInterfaceOrientationLandscapeRight";
				INFOPLIST_KEY_UISupportedInterfaceOrientations_iPhone = "UIInterfaceOrientationPortrait UIInterfaceOrientationLandscapeLeft UIInterfaceOrientationLandscapeRight";
				IPHONEOS_DEPLOYMENT_TARGET = 18.0;
				LD_RUNPATH_SEARCH_PATHS = (
					"$(inherited)",
					"@executable_path/Frameworks",
				);
				MARKETING_VERSION = 1.0;
				PRODUCT_BUNDLE_IDENTIFIER = Christina.ExercisingSoloV2;
				PRODUCT_NAME = "$(TARGET_NAME)";
				SWIFT_EMIT_LOC_STRINGS = YES;
				SWIFT_VERSION = 5.0;
				TARGETED_DEVICE_FAMILY = "1,2";
			};
			name = Debug;
		};
		5BF131622E216A43007BEB51 /* Release */ = {
			isa = XCBuildConfiguration;
			buildSettings = {
				ASSETCATALOG_COMPILER_APPICON_NAME = AppIcon;
				ASSETCATALOG_COMPILER_GLOBAL_ACCENT_COLOR_NAME = AccentColor;
				CODE_SIGN_STYLE = Automatic;
				CURRENT_PROJECT_VERSION = 1;
				DEVELOPMENT_TEAM = P3539P88BM;
				ENABLE_PREVIEWS = YES;
				GENERATE_INFOPLIST_FILE = YES;
				INFOPLIST_FILE = ExercisingSoloV2/Info.plist;
				INFOPLIST_KEY_CFBundleDisplayName = "";
				INFOPLIST_KEY_LSApplicationCategoryType = "";
				INFOPLIST_KEY_NSCameraUsageDescription = "";
				INFOPLIST_KEY_UIApplicationSceneManifest_Generation = YES;
				INFOPLIST_KEY_UIApplicationSupportsIndirectInputEvents = YES;
				INFOPLIST_KEY_UISupportedInterfaceOrientations_iPad = "UIInterfaceOrientationPortrait UIInterfaceOrientationPortraitUpsideDown UIInterfaceOrientationLandscapeLeft UIInterfaceOrientationLandscapeRight";
				INFOPLIST_KEY_UISupportedInterfaceOrientations_iPhone = "UIInterfaceOrientationPortrait UIInterfaceOrientationLandscapeLeft UIInterfaceOrientationLandscapeRight";
				IPHONEOS_DEPLOYMENT_TARGET = 18.0;
				LD_RUNPATH_SEARCH_PATHS = (
					"$(inherited)",
					"@executable_path/Frameworks",
				);
				MARKETING_VERSION = 1.0;
				PRODUCT_BUNDLE_IDENTIFIER = Christina.ExercisingSoloV2;
				PRODUCT_NAME = "$(TARGET_NAME)";
				SWIFT_EMIT_LOC_STRINGS = YES;
				SWIFT_VERSION = 5.0;
				TARGETED_DEVICE_FAMILY = "1,2";
			};
			name = Release;
		};
		5BF131642E216A43007BEB51 /* Debug */ = {
			isa = XCBuildConfiguration;
			buildSettings = {
				BUNDLE_LOADER = "$(TEST_HOST)";
				CODE_SIGN_STYLE = Automatic;
				CURRENT_PROJECT_VERSION = 1;
				GENERATE_INFOPLIST_FILE = YES;
				IPHONEOS_DEPLOYMENT_TARGET = 18.5;
				MARKETING_VERSION = 1.0;
				PRODUCT_BUNDLE_IDENTIFIER = Christina.ExercisingSoloV2Tests;
				PRODUCT_NAME = "$(TARGET_NAME)";
				SWIFT_EMIT_LOC_STRINGS = NO;
				SWIFT_VERSION = 5.0;
				TARGETED_DEVICE_FAMILY = "1,2";
				TEST_HOST = "$(BUILT_PRODUCTS_DIR)/ExercisingSoloV2.app/$(BUNDLE_EXECUTABLE_FOLDER_PATH)/ExercisingSoloV2";
			};
			name = Debug;
		};
		5BF131652E216A43007BEB51 /* Release */ = {
			isa = XCBuildConfiguration;
			buildSettings = {
				BUNDLE_LOADER = "$(TEST_HOST)";
				CODE_SIGN_STYLE = Automatic;
				CURRENT_PROJECT_VERSION = 1;
				GENERATE_INFOPLIST_FILE = YES;
				IPHONEOS_DEPLOYMENT_TARGET = 18.5;
				MARKETING_VERSION = 1.0;
				PRODUCT_BUNDLE_IDENTIFIER = Christina.ExercisingSoloV2Tests;
				PRODUCT_NAME = "$(TARGET_NAME)";
				SWIFT_EMIT_LOC_STRINGS = NO;
				SWIFT_VERSION = 5.0;
				TARGETED_DEVICE_FAMILY = "1,2";
				TEST_HOST = "$(BUILT_PRODUCTS_DIR)/ExercisingSoloV2.app/$(BUNDLE_EXECUTABLE_FOLDER_PATH)/ExercisingSoloV2";
			};
			name = Release;
		};
		5BF131672E216A43007BEB51 /* Debug */ = {
			isa = XCBuildConfiguration;
			buildSettings = {
				CODE_SIGN_STYLE = Automatic;
				CURRENT_PROJECT_VERSION = 1;
				GENERATE_INFOPLIST_FILE = YES;
				MARKETING_VERSION = 1.0;
				PRODUCT_BUNDLE_IDENTIFIER = Christina.ExercisingSoloV2UITests;
				PRODUCT_NAME = "$(TARGET_NAME)";
				SWIFT_EMIT_LOC_STRINGS = NO;
				SWIFT_VERSION = 5.0;
				TARGETED_DEVICE_FAMILY = "1,2";
				TEST_TARGET_NAME = ExercisingSoloV2;
			};
			name = Debug;
		};
		5BF131682E216A43007BEB51 /* Release */ = {
			isa = XCBuildConfiguration;
			buildSettings = {
				CODE_SIGN_STYLE = Automatic;
				CURRENT_PROJECT_VERSION = 1;
				GENERATE_INFOPLIST_FILE = YES;
				MARKETING_VERSION = 1.0;
				PRODUCT_BUNDLE_IDENTIFIER = Christina.ExercisingSoloV2UITests;
				PRODUCT_NAME = "$(TARGET_NAME)";
				SWIFT_EMIT_LOC_STRINGS = NO;
				SWIFT_VERSION = 5.0;
				TARGETED_DEVICE_FAMILY = "1,2";
				TEST_TARGET_NAME = ExercisingSoloV2;
			};
			name = Release;
		};
/* End XCBuildConfiguration section */

/* Begin XCConfigurationList section */
		5BF1313A2E216A42007BEB51 /* Build configuration list for PBXProject "ExercisingSoloV2" */ = {
			isa = XCConfigurationList;
			buildConfigurations = (
				5BF1315E2E216A43007BEB51 /* Debug */,
				5BF1315F2E216A43007BEB51 /* Release */,
			);
			defaultConfigurationIsVisible = 0;
			defaultConfigurationName = Release;
		};
		5BF131602E216A43007BEB51 /* Build configuration list for PBXNativeTarget "ExercisingSoloV2" */ = {
			isa = XCConfigurationList;
			buildConfigurations = (
				5BF131612E216A43007BEB51 /* Debug */,
				5BF131622E216A43007BEB51 /* Release */,
			);
			defaultConfigurationIsVisible = 0;
			defaultConfigurationName = Release;
		};
		5BF131632E216A43007BEB51 /* Build configuration list for PBXNativeTarget "ExercisingSoloV2Tests" */ = {
			isa = XCConfigurationList;
			buildConfigurations = (
				5BF131642E216A43007BEB51 /* Debug */,
				5BF131652E216A43007BEB51 /* Release */,
			);
			defaultConfigurationIsVisible = 0;
			defaultConfigurationName = Release;
		};
		5BF131662E216A43007BEB51 /* Build configuration list for PBXNativeTarget "ExercisingSoloV2UITests" */ = {
			isa = XCConfigurationList;
			buildConfigurations = (
				5BF131672E216A43007BEB51 /* Debug */,
				5BF131682E216A43007BEB51 /* Release */,
			);
			defaultConfigurationIsVisible = 0;
			defaultConfigurationName = Release;
		};
/* End XCConfigurationList section */
	};
	rootObject = 5BF131372E216A42007BEB51 /* Project object */;
}
